
Microsoft Visual Studio Solution File, Format Version 12.00
# Visual Studio Version 16
VisualStudioVersion = 16.0.29613.14
MinimumVisualStudioVersion = 10.0.40219.1
Project("{FAE04EC0-301F-11D3-BF4B-00C04F79EFBC}") = "Panzer War Europa", "Tank War Europa\Panzer War Europa.csproj", "{670C45B7-B709-4BD0-B900-BF463F80902E}"
EndProject
Global
	GlobalSection(SolutionConfigurationPlatforms) = preSolution
		Debug|Any CPU = Debug|Any CPU
		Release|Any CPU = Release|Any CPU
	EndGlobalSection
	GlobalSection(ProjectConfigurationPlatforms) = postSolution
		{670C45B7-B709-4BD0-B900-BF463F80902E}.Debug|Any CPU.ActiveCfg = Debug|Any CPU
		{670C45B7-B709-4BD0-B900-BF463F80902E}.Debug|Any CPU.Build.0 = Debug|Any CPU
		{670C45B7-B709-4BD0-B900-BF463F80902E}.Release|Any CPU.ActiveCfg = Release|Any CPU
		{670C45B7-B709-4BD0-B900-BF463F80902E}.Release|Any CPU.Build.0 = Release|Any CPU
	EndGlobalSection
	GlobalSection(SolutionProperties) = preSolution
		HideSolutionNode = FALSE
	EndGlobalSection
	GlobalSection(ExtensibilityGlobals) = postSolution
		SolutionGuid = {81081591-D451-451E-A325-9501AB1F58A0}
	EndGlobalSection
EndGlobal
